
Microsoft Visual Studio Solution File, Format Version 12.00
# Visual Studio Version 17
VisualStudioVersion = 17.10.35027.167
MinimumVisualStudioVersion = 10.0.40219.1
Project("{8BC9CEB8-8B4A-11D0-8D11-00A0C91BC942}") = "SERVER", "SERVER\SERVER.vcxproj", "{09F4E8E2-B924-4CE5-9795-361FE033F899}"
EndProject
Global
	GlobalSection(SolutionConfigurationPlatforms) = preSolution
		Debug|x64 = Debug|x64
		Debug|x86 = Debug|x86
		Release|x64 = Release|x64
		Release|x86 = Release|x86
	EndGlobalSection
	GlobalSection(ProjectConfigurationPlatforms) = postSolution
		{09F4E8E2-B924-4CE5-9795-361FE033F899}.Debug|x64.ActiveCfg = Debug|x64
		{09F4E8E2-B924-4CE5-9795-361FE033F899}.Debug|x64.Build.0 = Debug|x64
		{09F4E8E2-B924-4CE5-9795-361FE033F899}.Debug|x86.ActiveCfg = Debug|Win32
		{09F4E8E2-B924-4CE5-9795-361FE033F899}.Debug|x86.Build.0 = Debug|Win32
		{09F4E8E2-B924-4CE5-9795-361FE033F899}.Release|x64.ActiveCfg = Release|x64
		{09F4E8E2-B924-4CE5-9795-361FE033F899}.Release|x64.Build.0 = Release|x64
		{09F4E8E2-B924-4CE5-9795-361FE033F899}.Release|x86.ActiveCfg = Release|Win32
		{09F4E8E2-B924-4CE5-9795-361FE033F899}.Release|x86.Build.0 = Release|Win32
	EndGlobalSection
	GlobalSection(SolutionProperties) = preSolution
		HideSolutionNode = FALSE
	EndGlobalSection
	GlobalSection(ExtensibilityGlobals) = postSolution
		SolutionGuid = {0F6D9924-D172-4E13-A7C2-5E48ABA2C67D}
	EndGlobalSection
EndGlobal
